
Microsoft Visual Studio Solution File, Format Version 12.00
Project("{FAE04EC0-301F-11D3-BF4B-00C04F79EFBC}") = "dsa.csharp", "dsa.csharp\dsa.csharp.csproj", "{3461BA08-362A-4CFA-925C-61A8F3A03950}"
EndProject
Global
	GlobalSection(SolutionConfigurationPlatforms) = preSolution
		Debug|Any CPU = Debug|Any CPU
		Release|Any CPU = Release|Any CPU
	EndGlobalSection
	GlobalSection(ProjectConfigurationPlatforms) = postSolution
		{3461BA08-362A-4CFA-925C-61A8F3A03950}.Debug|Any CPU.ActiveCfg = Debug|Any CPU
		{3461BA08-362A-4CFA-925C-61A8F3A03950}.Debug|Any CPU.Build.0 = Debug|Any CPU
		{3461BA08-362A-4CFA-925C-61A8F3A03950}.Release|Any CPU.ActiveCfg = Release|Any CPU
		{3461BA08-362A-4CFA-925C-61A8F3A03950}.Release|Any CPU.Build.0 = Release|Any CPU
	EndGlobalSection
EndGlobal
